{
  "name": "smrik-fund-spreadsheet-compat",
  "lockfileVersion": 3,
  "requires": true,
  "packages": {
    "": {
      "name": "smrik-fund-spreadsheet-compat",
      "dependencies": {
        "@mog-sdk/sdk": "0.10.7"
      }
    },
    "node_modules/@mog-sdk/contracts": {
      "version": "0.10.7",
      "resolved": "https://registry.npmjs.org/@mog-sdk/contracts/-/contracts-0.10.7.tgz",
      "integrity": "sha512-Jvkn1hb2xdjEUYeGH4iRpoU0PawFOe8RP/D8uWzLUdT7nwLVRCVztDSGfFCYkDWhplHqWKsUIfivkF6c7D2tUw==",
      "license": "Apache-2.0"
    },
    "node_modules/@mog-sdk/darwin-arm64": {
      "version": "0.10.7",
      "resolved": "https://registry.npmjs.org/@mog-sdk/darwin-arm64/-/darwin-arm64-0.10.7.tgz",
      "integrity": "sha512-Cl42qDq+177O9XQyAkKcHfWPeq5OeP8PUk/TxY++nsTKAk74EdWWFv44NVPTO545dkeN9gIZtLFlcpBAAGP49g==",
      "cpu": [
        "arm64"
      ],
      "license": "Apache-2.0",
      "optional": true,
      "os": [
        "darwin"
      ],
      "engines": {
        "node": ">= 18"
      }
    },
    "node_modules/@mog-sdk/darwin-x64": {
      "version": "0.10.7",
      "resolved": "https://registry.npmjs.org/@mog-sdk/darwin-x64/-/darwin-x64-0.10.7.tgz",
      "integrity": "sha512-akXDSJG17AHBAXnr5vxyJURF8dWfJ7NPhGwjcgdavW4vLVkOuDhRlOC6ZMzIQJ9tcvps+sRaF4Jq/bne0Anp3w==",
      "cpu": [
        "x64"
      ],
      "license": "Apache-2.0",
      "optional": true,
      "os": [
        "darwin"
      ],
      "engines": {
        "node": ">= 18"
      }
    },
    "node_modules/@mog-sdk/linux-arm64-gnu": {
      "version": "0.10.7",
      "resolved": "https://registry.npmjs.org/@mog-sdk/linux-arm64-gnu/-/linux-arm64-gnu-0.10.7.tgz",
      "integrity": "sha512-omzrifK0qzKb3cQOOwFhZNmURoVvWMYwroiXAuZrB2aoAt8cCZ6HFpq3zL8VmsSEbMCKKtx+ZxCe4pMOGSKRZQ==",
      "cpu": [
        "arm64"
      ],
      "license": "Apache-2.0",
      "optional": true,
      "os": [
        "linux"
      ],
      "engines": {
        "node": ">= 18"
      }
    },
    "node_modules/@mog-sdk/linux-arm64-musl": {
      "version": "0.10.7",
      "resolved": "https://registry.npmjs.org/@mog-sdk/linux-arm64-musl/-/linux-arm64-musl-0.10.7.tgz",
      "integrity": "sha512-+qXVety5RfqdObL++aSisx0VpvxWACS0m45TEFRVlHPWQeQbaW10qGshx8SqGyJz0ecPPwSL9yrBMfgoEki5Dg==",
      "cpu": [
        "arm64"
      ],
      "license": "Apache-2.0",
      "optional": true,
      "os": [
        "linux"
      ],
      "engines": {
        "node": ">= 18"
      }
    },
    "node_modules/@mog-sdk/linux-x64-gnu": {
      "version": "0.10.7",
      "resolved": "https://registry.npmjs.org/@mog-sdk/linux-x64-gnu/-/linux-x64-gnu-0.10.7.tgz",
      "integrity": "sha512-myBPmkSqLro0HwW11QEBFXCownpJ3dI+cDW4iBOuA2itig7mHiQ/8MsA/maBB0mOuwlrIinZm0J2D3YC1aS/+Q==",
      "cpu": [
        "x64"
      ],
      "license": "Apache-2.0",
      "optional": true,
      "os": [
        "linux"
      ],
      "engines": {
        "node": ">= 18"
      }
    },
    "node_modules/@mog-sdk/linux-x64-musl": {
      "version": "0.10.7",
      "resolved": "https://registry.npmjs.org/@mog-sdk/linux-x64-musl/-/linux-x64-musl-0.10.7.tgz",
      "integrity": "sha512-fN1TSK2unZEJAFb4OSNcCmeKL2N+l5MjK2kbLwLPavFvxrZbG0GTSKh0PsRBnXkCeZoxBGl0CRkMQGmfH0cphg==",
      "cpu": [
        "x64"
      ],
      "license": "Apache-2.0",
      "optional": true,
      "os": [
        "linux"
      ],
      "engines": {
        "node": ">= 18"
      }
    },
    "node_modules/@mog-sdk/sdk": {
      "version": "0.10.7",
      "resolved": "https://registry.npmjs.org/@mog-sdk/sdk/-/sdk-0.10.7.tgz",
      "integrity": "sha512-KElQJwEPJ1xf2o1q7hwOjggoh+TloMpu/b+kQJ8ssuhdANTMEyUqIoA4+1grX/H8sJvio0/D3EdADNKZ3COBJQ==",
      "license": "Apache-2.0",
      "dependencies": {
        "@mog-sdk/contracts": "0.10.7",
        "@mog-sdk/wasm": "0.10.7",
        "@types/node": "^25.5.0"
      },
      "engines": {
        "node": ">= 18"
      },
      "optionalDependencies": {
        "@mog-sdk/darwin-arm64": "0.10.7",
        "@mog-sdk/darwin-x64": "0.10.7",
        "@mog-sdk/linux-arm64-gnu": "0.10.7",
        "@mog-sdk/linux-arm64-musl": "0.10.7",
        "@mog-sdk/linux-x64-gnu": "0.10.7",
        "@mog-sdk/linux-x64-musl": "0.10.7",
        "@mog-sdk/win32-x64-msvc": "0.10.7"
      }
    },
    "node_modules/@mog-sdk/wasm": {
      "version": "0.10.7",
      "resolved": "https://registry.npmjs.org/@mog-sdk/wasm/-/wasm-0.10.7.tgz",
      "integrity": "sha512-a5mKIxw4VwvWHEie4SXQoLHQbxVPm1YynJNED07aI1PRZ8EKDGWj3NYWW4s9ecBzYaO0TuRY3GHpqOBa56qtsg==",
      "license": "Apache-2.0",
      "engines": {
        "node": ">= 18"
      }
    },
    "node_modules/@mog-sdk/win32-x64-msvc": {
      "version": "0.10.7",
      "resolved": "https://registry.npmjs.org/@mog-sdk/win32-x64-msvc/-/win32-x64-msvc-0.10.7.tgz",
      "integrity": "sha512-/tLPLic7+HOLTo2Q5FMHdvOIwV3F0+Xv2jKtjum3nqfeSFB78XCCpQ3yQxJaY8jJ9eM27DLUwjR62fO6I6vaww==",
      "cpu": [
        "x64"
      ],
      "license": "Apache-2.0",
      "optional": true,
      "os": [
        "win32"
      ],
      "engines": {
        "node": ">= 18"
      }
    },
    "node_modules/@types/node": {
      "version": "25.9.5",
      "resolved": "https://registry.npmjs.org/@types/node/-/node-25.9.5.tgz",
      "integrity": "sha512-OScDchr2fwuUmWdf4kZ9h7PcJiYDVInhJizG/biAq3cAvqwYktuy/TYGGdZNMtNTFUP7rnb0NU4TUdm82kt4Rg==",
      "license": "MIT",
      "dependencies": {
        "undici-types": ">=7.24.0 <7.24.7"
      }
    },
    "node_modules/undici-types": {
      "version": "7.24.6",
      "resolved": "https://registry.npmjs.org/undici-types/-/undici-types-7.24.6.tgz",
      "integrity": "sha512-WRNW+sJgj5OBN4/0JpHFqtqzhpbnV0GuB+OozA9gCL7a993SmU+1JBZCzLNxYsbMfIeDL+lTsphD5jN5N+n0zg==",
      "license": "MIT"
    }
  }
}
